lockfileVersion: 5.3

specifiers:
  '@reach/dialog': 0.15.0
  react: ^16.8.6
  react-dom: ^16.8.6

dependencies:
  '@reach/dialog': 0.15.0_react-dom@16.14.0+react@16.14.0

devDependencies:
  react: 16.14.0
  react-dom: 16.14.0_react@16.14.0

packages:

  /@babel/runtime/7.14.8:
    resolution: {integrity: sha512-twj3L8Og5SaCRCErB4x4ajbvBIVV77CGeFglHpeg5WC5FF8TZzBWXtTJ4MqaD9QszLYTtr+IsaAL2rEUevb+eg==}
    engines: {node: '>=6.9.0'}
    dependencies:
      regenerator-runtime: 0.13.7
    dev: false

  /@reach/dialog/0.15.0_react-dom@16.14.0+react@16.14.0:
    resolution: {integrity: sha512-ivZr4ukUcEr/tU1wYpHJt0XZF1kZunaZmNeQwIqaVrjpvwIVbWJtEmDvXDSuUYiNOxJ7L9iCt4nrN8sZhf78XA==}
    peerDependencies:
      react: ^16.8.0 || 17.x
      react-dom: ^16.8.0 || 17.x
    dependencies:
      '@reach/portal': 0.15.0_react-dom@16.14.0+react@16.14.0
      '@reach/utils': 0.15.0_react-dom@16.14.0+react@16.14.0
      prop-types: 15.7.2
      react: 16.14.0
      react-dom: 16.14.0_react@16.14.0
      react-focus-lock: 2.5.2_react@16.14.0
      react-remove-scroll: 2.4.3_react@16.14.0
      tslib: 2.3.0
    transitivePeerDependencies:
      - '@types/react'
    dev: false

  /@reach/portal/0.15.0_react-dom@16.14.0+react@16.14.0:
    resolution: {integrity: sha512-Aulqjk/PIRu+R7yhINYAAYfYh++ZdC30qwHDWDtGk2cmTEJT7m9AlvBX+W7T+Q3Ux6Wy5f37eV+TTGid1CcjFw==}
    peerDependencies:
      react: ^16.8.0 || 17.x
      react-dom: ^16.8.0 || 17.x
    dependencies:
      '@reach/utils': 0.15.0_react-dom@16.14.0+react@16.14.0
      react: 16.14.0
      react-dom: 16.14.0_react@16.14.0
      tslib: 2.3.0
    dev: false

  /@reach/utils/0.15.0_react-dom@16.14.0+react@16.14.0:
    resolution: {integrity: sha512-JHHN7T5ucFiuQbqkgv8ECbRWKfRiJxrO/xHR3fHf+f2C7mVs/KkJHhYtovS1iEapR4silygX9PY0+QUmHPOTYw==}
    peerDependencies:
      react: ^16.8.0 || 17.x
      react-dom: ^16.8.0 || 17.x
    dependencies:
      react: 16.14.0
      react-dom: 16.14.0_react@16.14.0
      tiny-warning: 1.0.3
      tslib: 2.3.0
    dev: false

  /detect-node-es/1.1.0:
    resolution: {integrity: sha512-ypdmJU/TbBby2Dxibuv7ZLW3Bs1QEmM7nHjEANfohJLvE0XVujisn1qPJcZxg+qDucsr+bP6fLD1rPS3AhJ7EQ==}
    dev: false

  /focus-lock/0.9.1:
    resolution: {integrity: sha512-/2Nj60Cps6yOLSO+CkVbeSKfwfns5XbX6HOedIK9PdzODP04N9c3xqOcPXayN0WsT9YjJvAnXmI0NdqNIDf5Kw==}
    engines: {node: '>=10'}
    dependencies:
      tslib: 2.3.0
    dev: false

  /get-nonce/1.0.1:
    resolution: {integrity: sha512-FJhYRoDaiatfEkUK8HKlicmu/3SGFD51q3itKDGoSTysQJBnfOcxU5GxnhE1E6soB76MbT0MBtnKJuXyAx+96Q==}
    engines: {node: '>=6'}
    dev: false

  /invariant/2.2.4:
    resolution: {integrity: sha512-phJfQVBuaJM5raOpJjSfkiD6BpbCE4Ns//LaXl6wGYtUBY83nWS6Rf9tXm2e8VaK60JEjYldbPif/A2B1C2gNA==}
    dependencies:
      loose-envify: 1.4.0
    dev: false

  /js-tokens/4.0.0:
    resolution: {integrity: sha512-RdJUflcE3cUzKiMqQgsCu06FPu9UdIJO0beYbPhHN4k6apgJtifcoCtT9bcxOpYBtpD2kCM6Sbzg4CausW/PKQ==}

  /loose-envify/1.4.0:
    resolution: {integrity: sha512-lyuxPGr/Wfhrlem2CL/UcnUc1zcqKAImBDzukY7Y5F/yQiNdko6+fRLevlw1HgMySw7f611UIY408EtxRSoK3Q==}
    hasBin: true
    dependencies:
      js-tokens: 4.0.0

  /object-assign/4.1.1:
    resolution: {integrity: sha1-IQmtx5ZYh8/AXLvUQsrIv7s2CGM=}
    engines: {node: '>=0.10.0'}

  /prop-types/15.7.2:
    resolution: {integrity: sha512-8QQikdH7//R2vurIJSutZ1smHYTcLpRWEOlHnzcWHmBYrOGUysKwSsrC89BCiFj3CbrfJ/nXFdJepOVrY1GCHQ==}
    dependencies:
      loose-envify: 1.4.0
      object-assign: 4.1.1
      react-is: 16.13.1

  /react-clientside-effect/1.2.5_react@16.14.0:
    resolution: {integrity: sha512-2bL8qFW1TGBHozGGbVeyvnggRpMjibeZM2536AKNENLECutp2yfs44IL8Hmpn8qjFQ2K7A9PnYf3vc7aQq/cPA==}
    peerDependencies:
      react: ^15.3.0 || ^16.0.0 || ^17.0.0
    dependencies:
      '@babel/runtime': 7.14.8
      react: 16.14.0
    dev: false

  /react-dom/16.14.0_react@16.14.0:
    resolution: {integrity: sha512-1gCeQXDLoIqMgqD3IO2Ah9bnf0w9kzhwN5q4FGnHZ67hBm9yePzB5JJAIQCc8x3pFnNlwFq4RidZggNAAkzWWw==}
    peerDependencies:
      react: ^16.14.0
    dependencies:
      loose-envify: 1.4.0
      object-assign: 4.1.1
      prop-types: 15.7.2
      react: 16.14.0
      scheduler: 0.19.1
    dev: true

  /react-focus-lock/2.5.2_react@16.14.0:
    resolution: {integrity: sha512-WzpdOnEqjf+/A3EH9opMZWauag7gV0BxFl+EY4ElA4qFqYsUsBLnmo2sELbN5OC30S16GAWMy16B9DLPpdJKAQ==}
    peerDependencies:
      react: ^16.8.0 || ^17.0.0
    dependencies:
      '@babel/runtime': 7.14.8
      focus-lock: 0.9.1
      prop-types: 15.7.2
      react: 16.14.0
      react-clientside-effect: 1.2.5_react@16.14.0
      use-callback-ref: 1.2.5_react@16.14.0
      use-sidecar: 1.0.5_react@16.14.0
    transitivePeerDependencies:
      - '@types/react'
    dev: false

  /react-is/16.13.1:
    resolution: {integrity: sha512-24e6ynE2H+OKt4kqsOvNd8kBpV65zoxbA4BVsEOB3ARVWQki/DHzaUoC5KuON/BiccDaCCTZBuOcfZs70kR8bQ==}

  /react-remove-scroll-bar/2.2.0_react@16.14.0:
    resolution: {integrity: sha512-UU9ZBP1wdMR8qoUs7owiVcpaPwsQxUDC2lypP6mmixaGlARZa7ZIBx1jcuObLdhMOvCsnZcvetOho0wzPa9PYg==}
    engines: {node: '>=8.5.0'}
    peerDependencies:
      '@types/react': ^16.8.0 || ^17.0.0
      react: ^16.8.0 || ^17.0.0
    peerDependenciesMeta:
      '@types/react':
        optional: true
    dependencies:
      react: 16.14.0
      react-style-singleton: 2.1.1_react@16.14.0
      tslib: 1.14.1
    dev: false

  /react-remove-scroll/2.4.3_react@16.14.0:
    resolution: {integrity: sha512-lGWYXfV6jykJwbFpsuPdexKKzp96f3RbvGapDSIdcyGvHb7/eqyn46C7/6h+rUzYar1j5mdU+XECITHXCKBk9Q==}
    engines: {node: '>=8.5.0'}
    peerDependencies:
      '@types/react': ^16.8.0 || ^17.0.0
      react: ^16.8.0 || ^17.0.0
    peerDependenciesMeta:
      '@types/react':
        optional: true
    dependencies:
      react: 16.14.0
      react-remove-scroll-bar: 2.2.0_react@16.14.0
      react-style-singleton: 2.1.1_react@16.14.0
      tslib: 1.14.1
      use-callback-ref: 1.2.5_react@16.14.0
      use-sidecar: 1.0.5_react@16.14.0
    dev: false

  /react-style-singleton/2.1.1_react@16.14.0:
    resolution: {integrity: sha512-jNRp07Jza6CBqdRKNgGhT3u9umWvils1xsuMOjZlghBDH2MU0PL2WZor4PGYjXpnRCa9DQSlHMs/xnABWOwYbA==}
    engines: {node: '>=8.5.0'}
    peerDependencies:
      '@types/react': ^16.8.0 || ^17.0.0
      react: ^16.8.0 || ^17.0.0
    peerDependenciesMeta:
      '@types/react':
        optional: true
    dependencies:
      get-nonce: 1.0.1
      invariant: 2.2.4
      react: 16.14.0
      tslib: 1.14.1
    dev: false

  /react/16.14.0:
    resolution: {integrity: sha512-0X2CImDkJGApiAlcf0ODKIneSwBPhqJawOa5wCtKbu7ZECrmS26NvtSILynQ66cgkT/RJ4LidJOc3bUESwmU8g==}
    engines: {node: '>=0.10.0'}
    dependencies:
      loose-envify: 1.4.0
      object-assign: 4.1.1
      prop-types: 15.7.2
    dev: true

  /regenerator-runtime/0.13.7:
    resolution: {integrity: sha512-a54FxoJDIr27pgf7IgeQGxmqUNYrcV338lf/6gH456HZ/PhX+5BcwHXG9ajESmwe6WRO0tAzRUrRmNONWgkrew==}
    dev: false

  /scheduler/0.19.1:
    resolution: {integrity: sha512-n/zwRWRYSUj0/3g/otKDRPMh6qv2SYMWNq85IEa8iZyAv8od9zDYpGSnpBEjNgcMNq6Scbu5KfIPxNF72R/2EA==}
    dependencies:
      loose-envify: 1.4.0
      object-assign: 4.1.1
    dev: true

  /tiny-warning/1.0.3:
    resolution: {integrity: sha512-lBN9zLN/oAf68o3zNXYrdCt1kP8WsiGW8Oo2ka41b2IM5JL/S1CTyX1rW0mb/zSuJun0ZUrDxx4sqvYS2FWzPA==}
    dev: false

  /tslib/1.14.1:
    resolution: {integrity: sha512-Xni35NKzjgMrwevysHTCArtLDpPvye8zV/0E4EyYn43P7/7qvQwPh9BGkHewbMulVntbigmcT7rdX3BNo9wRJg==}
    dev: false

  /tslib/2.3.0:
    resolution: {integrity: sha512-N82ooyxVNm6h1riLCoyS9e3fuJ3AMG2zIZs2Gd1ATcSFjSA23Q0fzjjZeh0jbJvWVDZ0cJT8yaNNaaXHzueNjg==}
    dev: false

  /use-callback-ref/1.2.5_react@16.14.0:
    resolution: {integrity: sha512-gN3vgMISAgacF7sqsLPByqoePooY3n2emTH59Ur5d/M8eg4WTWu1xp8i8DHjohftIyEx0S08RiYxbffr4j8Peg==}
    engines: {node: '>=8.5.0'}
    peerDependencies:
      '@types/react': ^16.8.0 || ^17.0.0
      react: ^16.8.0 || ^17.0.0
    peerDependenciesMeta:
      '@types/react':
        optional: true
    dependencies:
      react: 16.14.0
    dev: false

  /use-sidecar/1.0.5_react@16.14.0:
    resolution: {integrity: sha512-k9jnrjYNwN6xYLj1iaGhonDghfvmeTmYjAiGvOr7clwKfPjMXJf4/HOr7oT5tJwYafgp2tG2l3eZEOfoELiMcA==}
    engines: {node: '>=8.5.0'}
    peerDependencies:
      react: ^16.8.0 || ^17.0.0
    dependencies:
      detect-node-es: 1.1.0
      react: 16.14.0
      tslib: 1.14.1
    dev: false
