lockfileVersion: 5.3

specifiers:
  '@twilio-paste/design-tokens': ^6.10.0
  color-combos: ^1.0.12
  lodash.camelcase: ^4.3.0

dependencies:
  color-combos: 1.0.16
  lodash.camelcase: 4.3.0

devDependencies:
  '@twilio-paste/design-tokens': link:../paste-design-tokens

packages:

  /color-combos/1.0.16:
    resolution: {integrity: sha512-m/5OBVwf7/4sXKagFxuMyloEJxgo2vJEbPxqzzCPocmyCT+z/Yc4JmSAJOxkW6/QSAn43zxkoi22H/aJGJakKw==}
    dependencies:
      color: 4.0.0
      lodash.uniq: 4.5.0
    dev: false

  /color-convert/2.0.1:
    resolution: {integrity: sha512-RRECPsj7iu/xb5oKYcsFHSppFNnsj/52OVTRKb4zP5onXwVF3zVmmToNcOfGC+CRDpfK/U584fMg38ZHCaElKQ==}
    engines: {node: '>=7.0.0'}
    dependencies:
      color-name: 1.1.4
    dev: false

  /color-name/1.1.4:
    resolution: {integrity: sha512-dOy+3AuW3a2wNbZHIuMZpTcgjGuLU/uBL/ubcZF9OXbDo8ff4O8yVp5Bf0efS8uEoYo5q4Fx7dY9OgQGXgAsQA==}
    dev: false

  /color-string/1.6.0:
    resolution: {integrity: sha512-c/hGS+kRWJutUBEngKKmk4iH3sD59MBkoxVapS/0wgpCz2u7XsNloxknyvBhzwEs1IbV36D9PwqLPJ2DTu3vMA==}
    dependencies:
      color-name: 1.1.4
      simple-swizzle: 0.2.2
    dev: false

  /color/4.0.0:
    resolution: {integrity: sha512-aVUOa5aYWJSimvei14J5rdxLeljG0EB/uXTovVaaSokW+D4MsAz3MrKsRNaKqPa2KL7Wfvh7PZyIIaaX4lYdzQ==}
    dependencies:
      color-convert: 2.0.1
      color-string: 1.6.0
    dev: false

  /is-arrayish/0.3.2:
    resolution: {integrity: sha512-eVRqCvVlZbuw3GrM63ovNSNAeA1K16kaR/LRY/92w0zxQ5/1YzwblUX652i4Xs9RwAGjW9d9y6X88t8OaAJfWQ==}
    dev: false

  /lodash.camelcase/4.3.0:
    resolution: {integrity: sha1-soqmKIorn8ZRA1x3EfZathkDMaY=}
    dev: false

  /lodash.uniq/4.5.0:
    resolution: {integrity: sha1-0CJTc662Uq3BvILklFM5qEJ1R3M=}
    dev: false

  /simple-swizzle/0.2.2:
    resolution: {integrity: sha1-pNprY1/8zMoz9w0Xy5JZLeleVXo=}
    dependencies:
      is-arrayish: 0.3.2
    dev: false
