lockfileVersion: 5.3

specifiers:
  react: ^16.8.6
  react-dom: ^16.8.6
  reakit: 1.3.4
  reakit-system: 0.15.1
  reakit-utils: 0.15.1

dependencies:
  reakit: 1.3.4_react-dom@16.14.0+react@16.14.0
  reakit-system: 0.15.1_react-dom@16.14.0+react@16.14.0
  reakit-utils: 0.15.1_react-dom@16.14.0+react@16.14.0

devDependencies:
  react: 16.14.0
  react-dom: 16.14.0_react@16.14.0

packages:

  /@popperjs/core/2.9.2:
    resolution: {integrity: sha512-VZMYa7+fXHdwIq1TDhSXoVmSPEGM/aa+6Aiq3nVVJ9bXr24zScr+NlKFKC3iPljA7ho/GAZr+d2jOf5GIRC30Q==}
    dev: false

  /body-scroll-lock/3.1.5:
    resolution: {integrity: sha512-Yi1Xaml0EvNA0OYWxXiYNqY24AfWkbA6w5vxE7GWxtKfzIbZM+Qw+aSmkgsbWzbHiy/RCSkUZBplVxTA+E4jJg==}
    dev: false

  /js-tokens/4.0.0:
    resolution: {integrity: sha512-RdJUflcE3cUzKiMqQgsCu06FPu9UdIJO0beYbPhHN4k6apgJtifcoCtT9bcxOpYBtpD2kCM6Sbzg4CausW/PKQ==}
    dev: true

  /loose-envify/1.4.0:
    resolution: {integrity: sha512-lyuxPGr/Wfhrlem2CL/UcnUc1zcqKAImBDzukY7Y5F/yQiNdko6+fRLevlw1HgMySw7f611UIY408EtxRSoK3Q==}
    hasBin: true
    dependencies:
      js-tokens: 4.0.0
    dev: true

  /object-assign/4.1.1:
    resolution: {integrity: sha1-IQmtx5ZYh8/AXLvUQsrIv7s2CGM=}
    engines: {node: '>=0.10.0'}
    dev: true

  /prop-types/15.7.2:
    resolution: {integrity: sha512-8QQikdH7//R2vurIJSutZ1smHYTcLpRWEOlHnzcWHmBYrOGUysKwSsrC89BCiFj3CbrfJ/nXFdJepOVrY1GCHQ==}
    dependencies:
      loose-envify: 1.4.0
      object-assign: 4.1.1
      react-is: 16.13.1
    dev: true

  /react-dom/16.14.0_react@16.14.0:
    resolution: {integrity: sha512-1gCeQXDLoIqMgqD3IO2Ah9bnf0w9kzhwN5q4FGnHZ67hBm9yePzB5JJAIQCc8x3pFnNlwFq4RidZggNAAkzWWw==}
    peerDependencies:
      react: ^16.14.0
    dependencies:
      loose-envify: 1.4.0
      object-assign: 4.1.1
      prop-types: 15.7.2
      react: 16.14.0
      scheduler: 0.19.1
    dev: true

  /react-is/16.13.1:
    resolution: {integrity: sha512-24e6ynE2H+OKt4kqsOvNd8kBpV65zoxbA4BVsEOB3ARVWQki/DHzaUoC5KuON/BiccDaCCTZBuOcfZs70kR8bQ==}
    dev: true

  /react/16.14.0:
    resolution: {integrity: sha512-0X2CImDkJGApiAlcf0ODKIneSwBPhqJawOa5wCtKbu7ZECrmS26NvtSILynQ66cgkT/RJ4LidJOc3bUESwmU8g==}
    engines: {node: '>=0.10.0'}
    dependencies:
      loose-envify: 1.4.0
      object-assign: 4.1.1
      prop-types: 15.7.2
    dev: true

  /reakit-system/0.15.1_react-dom@16.14.0+react@16.14.0:
    resolution: {integrity: sha512-PkqfAyEohtcEu/gUvKriCv42NywDtUgvocEN3147BI45dOFAB89nrT7wRIbIcKJiUT598F+JlPXAZZVLWhc1Kg==}
    peerDependencies:
      react: ^16.8.0 || ^17.0.0
      react-dom: ^16.8.0 || ^17.0.0
    dependencies:
      react: 16.14.0
      react-dom: 16.14.0_react@16.14.0
      reakit-utils: 0.15.1_react-dom@16.14.0+react@16.14.0
    dev: false

  /reakit-utils/0.15.1_react-dom@16.14.0+react@16.14.0:
    resolution: {integrity: sha512-6cZgKGvOkAMQgkwU9jdYbHfkuIN1Pr+vwcB19plLvcTfVN0Or10JhIuj9X+JaPZyI7ydqTDFaKNdUcDP69o/+Q==}
    peerDependencies:
      react: ^16.8.0 || ^17.0.0
      react-dom: ^16.8.0 || ^17.0.0
    dependencies:
      react: 16.14.0
      react-dom: 16.14.0_react@16.14.0
    dev: false

  /reakit-warning/0.6.1_react-dom@16.14.0+react@16.14.0:
    resolution: {integrity: sha512-poFUV0EyxB+CcV9uTNBAFmcgsnR2DzAbOTkld4Ul+QOKSeEHZB3b3+MoZQgcYHmbvG19Na1uWaM7ES+/Eyr8tQ==}
    peerDependencies:
      react: ^16.8.0 || ^17.0.0
    dependencies:
      react: 16.14.0
      reakit-utils: 0.15.1_react-dom@16.14.0+react@16.14.0
    transitivePeerDependencies:
      - react-dom
    dev: false

  /reakit/1.3.4_react-dom@16.14.0+react@16.14.0:
    resolution: {integrity: sha512-aLR0GBOc9vELTk4PKK/zndBbIs4RSw4B7GSGY6yoMHQ/vna0iLNd5BMhjtXspD/B7hhkYERlT6di8pIyD3HSPw==}
    peerDependencies:
      react: ^16.8.0 || ^17.0.0
      react-dom: ^16.8.0 || ^17.0.0
    dependencies:
      '@popperjs/core': 2.9.2
      body-scroll-lock: 3.1.5
      react: 16.14.0
      react-dom: 16.14.0_react@16.14.0
      reakit-system: 0.15.1_react-dom@16.14.0+react@16.14.0
      reakit-utils: 0.15.1_react-dom@16.14.0+react@16.14.0
      reakit-warning: 0.6.1_react-dom@16.14.0+react@16.14.0
    dev: false

  /scheduler/0.19.1:
    resolution: {integrity: sha512-n/zwRWRYSUj0/3g/otKDRPMh6qv2SYMWNq85IEa8iZyAv8od9zDYpGSnpBEjNgcMNq6Scbu5KfIPxNF72R/2EA==}
    dependencies:
      loose-envify: 1.4.0
      object-assign: 4.1.1
    dev: true
