lockfileVersion: 5.3

specifiers:
  '@types/lodash': ^4.14.136
  '@types/lodash.groupby': ^4.6.6
  '@types/react': ^16.9.53
  '@types/react-dom': ^16.8.4
  react: ^16.8.6

dependencies:
  '@types/lodash': 4.14.171
  '@types/lodash.groupby': 4.6.6
  '@types/react': 16.14.11
  '@types/react-dom': 16.9.14

devDependencies:
  react: 16.14.0

packages:

  /@types/lodash.groupby/4.6.6:
    resolution: {integrity: sha512-kwg3T7Ia63KtDNoQQR8hKrLHCAgrH4I44l5uEMuA6JCbj7DiSccaV4tNV1vbjtAOpX990SolVthJCmBVtRVRgw==}
    dependencies:
      '@types/lodash': 4.14.171
    dev: false

  /@types/lodash/4.14.171:
    resolution: {integrity: sha512-7eQ2xYLLI/LsicL2nejW9Wyko3lcpN6O/z0ZLHrEQsg280zIdCv1t/0m6UtBjUHokCGBQ3gYTbHzDkZ1xOBwwg==}
    dev: false

  /@types/prop-types/15.7.4:
    resolution: {integrity: sha512-rZ5drC/jWjrArrS8BR6SIr4cWpW09RNTYt9AMZo3Jwwif+iacXAqgVjm0B0Bv/S1jhDXKHqRVNCbACkJ89RAnQ==}
    dev: false

  /@types/react-dom/16.9.14:
    resolution: {integrity: sha512-FIX2AVmPTGP30OUJ+0vadeIFJJ07Mh1m+U0rxfgyW34p3rTlXI+nlenvAxNn4BP36YyI9IJ/+UJ7Wu22N1pI7A==}
    dependencies:
      '@types/react': 16.14.11
    dev: false

  /@types/react/16.14.11:
    resolution: {integrity: sha512-Don0MtsZZ3fjwTJ2BsoqkyOy7e176KplEAKOpr/4XDdzinlyJBn9yfsKn5mcSgn4kh1B22+3tBnzBC1z63ybtQ==}
    dependencies:
      '@types/prop-types': 15.7.4
      '@types/scheduler': 0.16.2
      csstype: 3.0.8
    dev: false

  /@types/scheduler/0.16.2:
    resolution: {integrity: sha512-hppQEBDmlwhFAXKJX2KnWLYu5yMfi91yazPb2l+lbJiwW+wdo1gNeRA+3RgNSO39WYX2euey41KEwnqesU2Jew==}
    dev: false

  /csstype/3.0.8:
    resolution: {integrity: sha512-jXKhWqXPmlUeoQnF/EhTtTl4C9SnrxSH/jZUih3jmO6lBKr99rP3/+FmrMj4EFpOXzMtXHAZkd3x0E6h6Fgflw==}
    dev: false

  /js-tokens/4.0.0:
    resolution: {integrity: sha512-RdJUflcE3cUzKiMqQgsCu06FPu9UdIJO0beYbPhHN4k6apgJtifcoCtT9bcxOpYBtpD2kCM6Sbzg4CausW/PKQ==}
    dev: true

  /loose-envify/1.4.0:
    resolution: {integrity: sha512-lyuxPGr/Wfhrlem2CL/UcnUc1zcqKAImBDzukY7Y5F/yQiNdko6+fRLevlw1HgMySw7f611UIY408EtxRSoK3Q==}
    hasBin: true
    dependencies:
      js-tokens: 4.0.0
    dev: true

  /object-assign/4.1.1:
    resolution: {integrity: sha1-IQmtx5ZYh8/AXLvUQsrIv7s2CGM=}
    engines: {node: '>=0.10.0'}
    dev: true

  /prop-types/15.7.2:
    resolution: {integrity: sha512-8QQikdH7//R2vurIJSutZ1smHYTcLpRWEOlHnzcWHmBYrOGUysKwSsrC89BCiFj3CbrfJ/nXFdJepOVrY1GCHQ==}
    dependencies:
      loose-envify: 1.4.0
      object-assign: 4.1.1
      react-is: 16.13.1
    dev: true

  /react-is/16.13.1:
    resolution: {integrity: sha512-24e6ynE2H+OKt4kqsOvNd8kBpV65zoxbA4BVsEOB3ARVWQki/DHzaUoC5KuON/BiccDaCCTZBuOcfZs70kR8bQ==}
    dev: true

  /react/16.14.0:
    resolution: {integrity: sha512-0X2CImDkJGApiAlcf0ODKIneSwBPhqJawOa5wCtKbu7ZECrmS26NvtSILynQ66cgkT/RJ4LidJOc3bUESwmU8g==}
    engines: {node: '>=0.10.0'}
    dependencies:
      loose-envify: 1.4.0
      object-assign: 4.1.1
      prop-types: 15.7.2
    dev: true
