lockfileVersion: 5.3

specifiers:
  '@react-spring/shared': 9.1.2
  '@react-spring/web': 9.1.2
  react: ^16.8.6
  react-dom: ^16.8.6

dependencies:
  '@react-spring/shared': 9.1.2_react@16.14.0
  '@react-spring/web': 9.1.2_react-dom@16.14.0+react@16.14.0

devDependencies:
  react: 16.14.0
  react-dom: 16.14.0_react@16.14.0

packages:

  /@react-spring/animated/9.1.2_react@16.14.0:
    resolution: {integrity: sha512-nKOGk+3aWbNp46V/CB1J2vR3GJI/Vork8N1WTI5mt+32QekrSsBn5/YFt4/iPaDGhLjukFxF0IjLs6hRLqSObw==}
    peerDependencies:
      react: '>=16.8'
    dependencies:
      '@react-spring/shared': 9.1.2_react@16.14.0
      '@react-spring/types': 9.1.2
      react: 16.14.0
    dev: false

  /@react-spring/core/9.1.2_react@16.14.0:
    resolution: {integrity: sha512-rgobYPCcLdDwbHBVqAmvtXhhX92G7MoPltJlzUge843yp1dNr47tkagFdCtw9NMGp6eHu/CE5byh/imlhLLAxw==}
    requiresBuild: true
    peerDependencies:
      react: '>=16.8'
    dependencies:
      '@react-spring/animated': 9.1.2_react@16.14.0
      '@react-spring/shared': 9.1.2_react@16.14.0
      '@react-spring/types': 9.1.2
      react: 16.14.0
    dev: false

  /@react-spring/shared/9.1.2_react@16.14.0:
    resolution: {integrity: sha512-sj/RrhFZAteCWAMk+W0t6Ku/skn/lbskCCs8B7ZnHNLMGPM+Zb3MOk+aVbX3T/D0iq/oTnKWyQYqrXDKiFcZ7g==}
    peerDependencies:
      react: '>=16.8'
    dependencies:
      '@react-spring/types': 9.1.2
      rafz: 0.1.14
      react: 16.14.0
    dev: false

  /@react-spring/types/9.1.2:
    resolution: {integrity: sha512-NZNImL0ymRFbss1cGKX2qSEeFdFoOgnIJZEW4Uczt+wm04J7g0Zuf23Hf8hM35JtxDr8QO5okp8BBtCM5FzzMg==}
    dev: false

  /@react-spring/web/9.1.2_react-dom@16.14.0+react@16.14.0:
    resolution: {integrity: sha512-E5W9Hmi2bO6CPorCNV/2iv12ux9LxHJAbpXmrBPKWFRqZixysiHoNQKKPG0DmSvUU1uKkvCvMC4VoB6pj/2kxw==}
    peerDependencies:
      react: '>=16.8'
      react-dom: '>=16.8'
    dependencies:
      '@react-spring/animated': 9.1.2_react@16.14.0
      '@react-spring/core': 9.1.2_react@16.14.0
      '@react-spring/shared': 9.1.2_react@16.14.0
      '@react-spring/types': 9.1.2
      react: 16.14.0
      react-dom: 16.14.0_react@16.14.0
    dev: false

  /js-tokens/4.0.0:
    resolution: {integrity: sha512-RdJUflcE3cUzKiMqQgsCu06FPu9UdIJO0beYbPhHN4k6apgJtifcoCtT9bcxOpYBtpD2kCM6Sbzg4CausW/PKQ==}
    dev: true

  /loose-envify/1.4.0:
    resolution: {integrity: sha512-lyuxPGr/Wfhrlem2CL/UcnUc1zcqKAImBDzukY7Y5F/yQiNdko6+fRLevlw1HgMySw7f611UIY408EtxRSoK3Q==}
    hasBin: true
    dependencies:
      js-tokens: 4.0.0
    dev: true

  /object-assign/4.1.1:
    resolution: {integrity: sha1-IQmtx5ZYh8/AXLvUQsrIv7s2CGM=}
    engines: {node: '>=0.10.0'}
    dev: true

  /prop-types/15.7.2:
    resolution: {integrity: sha512-8QQikdH7//R2vurIJSutZ1smHYTcLpRWEOlHnzcWHmBYrOGUysKwSsrC89BCiFj3CbrfJ/nXFdJepOVrY1GCHQ==}
    dependencies:
      loose-envify: 1.4.0
      object-assign: 4.1.1
      react-is: 16.13.1
    dev: true

  /rafz/0.1.14:
    resolution: {integrity: sha512-YiQkedSt1urYtYbvHhTQR3l67M8SZbUvga5eJFM/v4vx/GmDdtXlE2hjJIyRjhhO/PjcdGC+CXCYOUA4onit8w==}
    dev: false

  /react-dom/16.14.0_react@16.14.0:
    resolution: {integrity: sha512-1gCeQXDLoIqMgqD3IO2Ah9bnf0w9kzhwN5q4FGnHZ67hBm9yePzB5JJAIQCc8x3pFnNlwFq4RidZggNAAkzWWw==}
    peerDependencies:
      react: ^16.14.0
    dependencies:
      loose-envify: 1.4.0
      object-assign: 4.1.1
      prop-types: 15.7.2
      react: 16.14.0
      scheduler: 0.19.1
    dev: true

  /react-is/16.13.1:
    resolution: {integrity: sha512-24e6ynE2H+OKt4kqsOvNd8kBpV65zoxbA4BVsEOB3ARVWQki/DHzaUoC5KuON/BiccDaCCTZBuOcfZs70kR8bQ==}
    dev: true

  /react/16.14.0:
    resolution: {integrity: sha512-0X2CImDkJGApiAlcf0ODKIneSwBPhqJawOa5wCtKbu7ZECrmS26NvtSILynQ66cgkT/RJ4LidJOc3bUESwmU8g==}
    engines: {node: '>=0.10.0'}
    dependencies:
      loose-envify: 1.4.0
      object-assign: 4.1.1
      prop-types: 15.7.2
    dev: true

  /scheduler/0.19.1:
    resolution: {integrity: sha512-n/zwRWRYSUj0/3g/otKDRPMh6qv2SYMWNq85IEa8iZyAv8od9zDYpGSnpBEjNgcMNq6Scbu5KfIPxNF72R/2EA==}
    dependencies:
      loose-envify: 1.4.0
      object-assign: 4.1.1
    dev: true
